
Microsoft Visual Studio Solution File, Format Version 12.00
# Visual Studio Version 16
VisualStudioVersion = 16.0.30907.101
MinimumVisualStudioVersion = 10.0.40219.1
Project("{FAE04EC0-301F-11D3-BF4B-00C04F79EFBC}") = "EmpWageUC8", "EmpWageUC8\EmpWageUC8.csproj", "{6F2D1195-1318-43AC-B1A7-66B06A520FD3}"
EndProject
Global
	GlobalSection(SolutionConfigurationPlatforms) = preSolution
		Debug|Any CPU = Debug|Any CPU
		Release|Any CPU = Release|Any CPU
	EndGlobalSection
	GlobalSection(ProjectConfigurationPlatforms) = postSolution
		{6F2D1195-1318-43AC-B1A7-66B06A520FD3}.Debug|Any CPU.ActiveCfg = Debug|Any CPU
		{6F2D1195-1318-43AC-B1A7-66B06A520FD3}.Debug|Any CPU.Build.0 = Debug|Any CPU
		{6F2D1195-1318-43AC-B1A7-66B06A520FD3}.Release|Any CPU.ActiveCfg = Release|Any CPU
		{6F2D1195-1318-43AC-B1A7-66B06A520FD3}.Release|Any CPU.Build.0 = Release|Any CPU
	EndGlobalSection
	GlobalSection(SolutionProperties) = preSolution
		HideSolutionNode = FALSE
	EndGlobalSection
	GlobalSection(ExtensibilityGlobals) = postSolution
		SolutionGuid = {324F6629-1A4A-4888-B4E7-6C2A4E668FA6}
	EndGlobalSection
EndGlobal
